hash: 48367910638b42f89ddc6624e64e184145f3f593bf5f6132424669ed3b4a96d9
updated: 2018-03-04T21:48:22.282294971Z
imports:
- name: github.com/bitly/go-nsq
  version: 8c1ff52dff6fd3ecc19c418649bc643b18e862fc
- name: github.com/corpix/effects
  version: 0d818ebf2da05939c8247de5b84f44a2428c032e
  subpackages:
  - closer
- name: github.com/corpix/formats
  version: 44ae7d799273aeda646d30844a33cb803990ef3d
- name: github.com/corpix/loggers
  version: 6428ebad5a5ef7a300d5dc269a99978de598aace
  subpackages:
  - logger/logrus
  - logger/prefixwrapper
- name: github.com/corpix/lua
  version: 69f0827608ebeb93aca7b35d5583eb3dce15fba1
  subpackages:
  - mapper
  - pool
- name: github.com/corpix/reflect
  version: 762e8fbf1f83a7e3e4ee34b7732a776b478ffc3f
- name: github.com/corpix/stores
  version: 6e928963c62c49aad5f322e0af61550d7da921ea
  subpackages:
  - errors
  - store/memory
  - store/memoryttl
- name: github.com/corpix/time
  version: 9adb218ff5319d3f3e3d5a44fe0cb5d4880762f4
- name: github.com/cryptounicorns/queues
  version: e53f25b5de5db3f36c664432ee7913a192584ab1
  subpackages:
  - consumer
  - errors
  - message
  - producer
  - queue/channel
  - queue/kafka
  - queue/nsq
  - queue/readwriter
  - queue/websocket
  - result
- name: github.com/davecgh/go-spew
  version: 8991bc29aa16c548c550c7ff78260e27b9ab7c73
  subpackages:
  - spew
- name: github.com/eapache/go-resiliency
  version: ef9aaa7ea8bd2448429af1a77cf41b2b3b34bdd6
  subpackages:
  - breaker
- name: github.com/eapache/go-xerial-snappy
  version: bb955e01b9346ac19dc29eb16586c90ded99a98c
- name: github.com/eapache/queue
  version: 093482f3f8ce946c05bcba64badd2c82369e084d
- name: github.com/go-playground/locales
  version: e4cbcb5d0652150d40ad0646651076b6bd2be4f6
  subpackages:
  - currency
- name: github.com/go-playground/universal-translator
  version: 71201497bace774495daed26a3874fd339e0b538
- name: github.com/go-playground/validator
  version: 150fe5b6a4ccc9cd6ffdbf5d184b67fbea75efcc
- name: github.com/gobwas/httphead
  version: 2c6c146eadee0b69f856f87e3e9f1d0cd6aad2f5
- name: github.com/gobwas/pool
  version: e294a5482d9a8523f8e6b2744ea2185083c838af
  subpackages:
  - pbufio
  - pbytes
- name: github.com/gobwas/ws
  version: c8595a6266aa8b97b14e7406cf059cd240b34100
  subpackages:
  - wsutil
- name: github.com/golang/snappy
  version: d9eb7a3d35ec988b8585d4a0068e462c27d28380
- name: github.com/imdario/mergo
  version: 0d4b488675fdec1dde48751b05ab530cf0b630e1
- name: github.com/influxdata/influxdb
  version: 044ca2ac892d61bf526c8e3722b2e0b4f19c84d7
  subpackages:
  - client/v2
  - models
  - pkg/escape
- name: github.com/naoina/go-stringutil
  version: 6b638e95a32d0c1131db0e7fe83775cbea4a0d0b
- name: github.com/naoina/toml
  version: 9fafd69674167c06933b1787ae235618431ce87f
  subpackages:
  - ast
- name: github.com/pierrec/lz4
  version: ed8d4cc3b461464e69798080a0092bd028910298
- name: github.com/pierrec/xxHash
  version: a0006b13c722f7f12368c00a3d3c2ae8a999a0c6
  subpackages:
  - xxHash32
- name: github.com/rcrowley/go-metrics
  version: 8732c616f52954686704c8645fe1a9d59e9df7c1
- name: github.com/Shopify/sarama
  version: eae91468c24263f06ae73dce45eb26252c73b1d6
- name: github.com/sirupsen/logrus
  version: f4ee69125072b22721efbe639bd0da9c9d19b8cc
- name: github.com/urfave/cli
  version: 8e01ec4cd3e2d84ab2fe90d8210528ffbb06d8ff
- name: github.com/yuin/gopher-lua
  version: 7d7bc8747e3f614c5c587729a341fe7d8903cdb8
  subpackages:
  - ast
  - parse
  - pm
- name: golang.org/x/crypto
  version: 9477e0b78b9ac3d0b03822fd95422e2fe07627cd
  subpackages:
  - ssh/terminal
- name: golang.org/x/sys
  version: 062cd7e4e68206d8bab9b18396626e855c992658
  subpackages:
  - unix
- name: gopkg.in/yaml.v2
  version: 7f97868eec74b32b0982dd158a51a446d1da7eb5
testImports: []
