hash: b01d986cf1c9cc44288f336ede73694e64bed217481896725d03c344d2cee374
updated: 2017-11-10T03:10:39.7606331+03:00
imports:
- name: github.com/corpix/formats
  version: bc69a9b0a6d6f0ae857aca85288b8fceb986efc0
- name: github.com/corpix/loggers
  version: d5c1e84397f24c1cde4386e0cc158f2dbc49e54f
  subpackages:
  - logger/logrus
- name: github.com/cryptounicorns/trade
  version: 226e70608b9ee3790d27a573afb5e057ab44f3a2
  subpackages:
  - currencies
  - markets/market
- name: github.com/davecgh/go-spew
  version: ecdeabc65495df2dec95d7c4a4c3e021903035e5
  subpackages:
  - spew
- name: github.com/imdario/mergo
  version: 7fe0c75c13abdee74b09fcacef5ea1c6bba6a874
- name: github.com/influxdata/influxdb
  version: fe35aee4c40723baa968a2db05857ff0acbe099f
  subpackages:
  - client/v2
- name: github.com/naoina/go-stringutil
  version: 6b638e95a32d0c1131db0e7fe83775cbea4a0d0b
- name: github.com/naoina/toml
  version: 9fafd69674167c06933b1787ae235618431ce87f
  subpackages:
  - ast
- name: github.com/sirupsen/logrus
  version: 7f976d3a76720c4c27af2ba716b85d2e0a7e38b1
- name: github.com/urfave/cli
  version: 44cb242eeb4d76cc813fdc69ba5c4b224677e799
- name: golang.org/x/sys
  version: d4266bc12aae0b4128952c889b769442fce5d2f1
  subpackages:
  - unix
- name: gopkg.in/yaml.v2
  version: eb3733d160e74a9c7e442f435eb3bea458e1d19f
testImports: []
