# This file is autogenerated, do not edit; changes may be undone by the next 'dep ensure'.


[[projects]]
  name = "github.com/Shopify/sarama"
  packages = ["."]
  revision = "eae91468c24263f06ae73dce45eb26252c73b1d6"

[[projects]]
  branch = "master"
  name = "github.com/bitly/go-nsq"
  packages = ["."]
  revision = "8c1ff52dff6fd3ecc19c418649bc643b18e862fc"

[[projects]]
  branch = "master"
  name = "github.com/corpix/effects"
  packages = ["closer"]
  revision = "0d818ebf2da05939c8247de5b84f44a2428c032e"

[[projects]]
  name = "github.com/corpix/formats"
  packages = ["."]
  revision = "44ae7d799273aeda646d30844a33cb803990ef3d"

[[projects]]
  branch = "master"
  name = "github.com/corpix/loggers"
  packages = [
    ".",
    "logger/logrus",
    "logger/prefixwrapper"
  ]
  revision = "6428ebad5a5ef7a300d5dc269a99978de598aace"

[[projects]]
  branch = "master"
  name = "github.com/corpix/lua"
  packages = [
    "mapper",
    "pool"
  ]
  revision = "69f0827608ebeb93aca7b35d5583eb3dce15fba1"

[[projects]]
  branch = "master"
  name = "github.com/corpix/reflect"
  packages = ["."]
  revision = "762e8fbf1f83a7e3e4ee34b7732a776b478ffc3f"

[[projects]]
  branch = "master"
  name = "github.com/corpix/stores"
  packages = [
    ".",
    "errors",
    "store/memory",
    "store/memoryttl"
  ]
  revision = "6e928963c62c49aad5f322e0af61550d7da921ea"

[[projects]]
  branch = "master"
  name = "github.com/corpix/time"
  packages = ["."]
  revision = "9adb218ff5319d3f3e3d5a44fe0cb5d4880762f4"

[[projects]]
  name = "github.com/cryptounicorns/queues"
  packages = [
    ".",
    "consumer",
    "errors",
    "message",
    "producer",
    "queue/channel",
    "queue/kafka",
    "queue/nsq",
    "queue/readwriter",
    "queue/websocket",
    "result"
  ]
  revision = "e53f25b5de5db3f36c664432ee7913a192584ab1"

[[projects]]
  branch = "master"
  name = "github.com/davecgh/go-spew"
  packages = ["spew"]
  revision = "8991bc29aa16c548c550c7ff78260e27b9ab7c73"

[[projects]]
  branch = "master"
  name = "github.com/eapache/go-resiliency"
  packages = ["breaker"]
  revision = "ef9aaa7ea8bd2448429af1a77cf41b2b3b34bdd6"

[[projects]]
  branch = "master"
  name = "github.com/eapache/go-xerial-snappy"
  packages = ["."]
  revision = "bb955e01b9346ac19dc29eb16586c90ded99a98c"

[[projects]]
  branch = "master"
  name = "github.com/eapache/queue"
  packages = ["."]
  revision = "093482f3f8ce946c05bcba64badd2c82369e084d"

[[projects]]
  name = "github.com/go-playground/locales"
  packages = [
    ".",
    "currency"
  ]
  revision = "e4cbcb5d0652150d40ad0646651076b6bd2be4f6"
  version = "v0.11.2"

[[projects]]
  branch = "master"
  name = "github.com/go-playground/universal-translator"
  packages = ["."]
  revision = "71201497bace774495daed26a3874fd339e0b538"

[[projects]]
  name = "github.com/go-playground/validator"
  packages = ["."]
  revision = "150fe5b6a4ccc9cd6ffdbf5d184b67fbea75efcc"
  version = "v9.11.0"

[[projects]]
  branch = "master"
  name = "github.com/gobwas/httphead"
  packages = ["."]
  revision = "2c6c146eadee0b69f856f87e3e9f1d0cd6aad2f5"

[[projects]]
  branch = "master"
  name = "github.com/gobwas/pool"
  packages = [
    ".",
    "pbufio",
    "pbytes"
  ]
  revision = "e294a5482d9a8523f8e6b2744ea2185083c838af"

[[projects]]
  branch = "master"
  name = "github.com/gobwas/ws"
  packages = [
    ".",
    "wsutil"
  ]
  revision = "c8595a6266aa8b97b14e7406cf059cd240b34100"

[[projects]]
  name = "github.com/golang/snappy"
  packages = ["."]
  revision = "d9eb7a3d35ec988b8585d4a0068e462c27d28380"

[[projects]]
  branch = "master"
  name = "github.com/imdario/mergo"
  packages = ["."]
  revision = "0d4b488675fdec1dde48751b05ab530cf0b630e1"

[[projects]]
  name = "github.com/influxdata/influxdb"
  packages = [
    "client",
    "client/v2",
    "models",
    "pkg/escape"
  ]
  revision = "044ca2ac892d61bf526c8e3722b2e0b4f19c84d7"

[[projects]]
  name = "github.com/kshvakov/clickhouse"
  packages = [
    ".",
    "lib/binary",
    "lib/column",
    "lib/data",
    "lib/protocol",
    "lib/types",
    "lib/writebuffer"
  ]
  revision = "204d1310adca1f03cf10843c403249e1e4bb394b"
  version = "v1.3.2"

[[projects]]
  name = "github.com/naoina/go-stringutil"
  packages = ["."]
  revision = "6b638e95a32d0c1131db0e7fe83775cbea4a0d0b"
  version = "v0.1.0"

[[projects]]
  branch = "master"
  name = "github.com/naoina/toml"
  packages = [
    ".",
    "ast"
  ]
  revision = "9fafd69674167c06933b1787ae235618431ce87f"

[[projects]]
  branch = "master"
  name = "github.com/pierrec/lz4"
  packages = ["."]
  revision = "ed8d4cc3b461464e69798080a0092bd028910298"

[[projects]]
  branch = "master"
  name = "github.com/pierrec/xxHash"
  packages = ["xxHash32"]
  revision = "a0006b13c722f7f12368c00a3d3c2ae8a999a0c6"

[[projects]]
  branch = "master"
  name = "github.com/rcrowley/go-metrics"
  packages = ["."]
  revision = "8732c616f52954686704c8645fe1a9d59e9df7c1"

[[projects]]
  name = "github.com/sirupsen/logrus"
  packages = ["."]
  revision = "f4ee69125072b22721efbe639bd0da9c9d19b8cc"

[[projects]]
  branch = "master"
  name = "github.com/urfave/cli"
  packages = ["."]
  revision = "8e01ec4cd3e2d84ab2fe90d8210528ffbb06d8ff"

[[projects]]
  name = "github.com/yuin/gopher-lua"
  packages = [
    ".",
    "ast",
    "parse",
    "pm"
  ]
  revision = "7d7bc8747e3f614c5c587729a341fe7d8903cdb8"

[[projects]]
  name = "golang.org/x/crypto"
  packages = ["ssh/terminal"]
  revision = "9477e0b78b9ac3d0b03822fd95422e2fe07627cd"

[[projects]]
  name = "golang.org/x/sys"
  packages = ["unix"]
  revision = "062cd7e4e68206d8bab9b18396626e855c992658"

[[projects]]
  name = "gopkg.in/yaml.v2"
  packages = ["."]
  revision = "7f97868eec74b32b0982dd158a51a446d1da7eb5"
  version = "v2.1.1"

[solve-meta]
  analyzer-name = "dep"
  analyzer-version = 1
  inputs-digest = "11406f1dc75923c623b1124985d60eab10a388d3cf8eb1c337c8f724448657b0"
  solver-name = "gps-cdcl"
  solver-version = 1
